
Microsoft Visual Studio Solution File, Format Version 12.00
# Visual Studio Version 16
VisualStudioVersion = 16.0.28606.126
MinimumVisualStudioVersion = 10.0.40219.1
Project("{FAE04EC0-301F-11D3-BF4B-00C04F79EFBC}") = "ClassLibrary1", "ClassLibrary1\ClassLibrary1.csproj", "{F7B7CDF8-BFEB-4894-8998-F2B389E4F809}"
EndProject
Project("{FAE04EC0-301F-11D3-BF4B-00C04F79EFBC}") = "ExamFinal.Repository", "ExamFinal.Repository\ExamFinal.Repository.csproj", "{34D0C453-2E80-4DF3-B639-CF7CA5895798}"
EndProject
Project("{FAE04EC0-301F-11D3-BF4B-00C04F79EFBC}") = "ExamFinal.Web.API", "ExamFinal.Web.API\ExamFinal.Web.API.csproj", "{58EE03C2-9A60-4B62-9B0E-893C11ACCC81}"
EndProject
Project("{FAE04EC0-301F-11D3-BF4B-00C04F79EFBC}") = "ExamFinal.Models", "ExamFinal.Models\ExamFinal.Models.csproj", "{F824E68B-610F-4333-B141-FBAD93965FBA}"
EndProject
Project("{FAE04EC0-301F-11D3-BF4B-00C04F79EFBC}") = "ExamFinal.Web.UI", "ExamFinal.Web.UI\ExamFinal.Web.UI.csproj", "{7196C3FF-FEE5-43EF-8BF6-0A1DD7B7F124}"
EndProject
Global
	GlobalSection(SolutionConfigurationPlatforms) = preSolution
		Debug|Any CPU = Debug|Any CPU
		Release|Any CPU = Release|Any CPU
	EndGlobalSection
	GlobalSection(ProjectConfigurationPlatforms) = postSolution
		{F7B7CDF8-BFEB-4894-8998-F2B389E4F809}.Debug|Any CPU.ActiveCfg = Debug|Any CPU
		{F7B7CDF8-BFEB-4894-8998-F2B389E4F809}.Debug|Any CPU.Build.0 = Debug|Any CPU
		{F7B7CDF8-BFEB-4894-8998-F2B389E4F809}.Release|Any CPU.ActiveCfg = Release|Any CPU
		{F7B7CDF8-BFEB-4894-8998-F2B389E4F809}.Release|Any CPU.Build.0 = Release|Any CPU
		{34D0C453-2E80-4DF3-B639-CF7CA5895798}.Debug|Any CPU.ActiveCfg = Debug|Any CPU
		{34D0C453-2E80-4DF3-B639-CF7CA5895798}.Debug|Any CPU.Build.0 = Debug|Any CPU
		{34D0C453-2E80-4DF3-B639-CF7CA5895798}.Release|Any CPU.ActiveCfg = Release|Any CPU
		{34D0C453-2E80-4DF3-B639-CF7CA5895798}.Release|Any CPU.Build.0 = Release|Any CPU
		{58EE03C2-9A60-4B62-9B0E-893C11ACCC81}.Debug|Any CPU.ActiveCfg = Debug|Any CPU
		{58EE03C2-9A60-4B62-9B0E-893C11ACCC81}.Debug|Any CPU.Build.0 = Debug|Any CPU
		{58EE03C2-9A60-4B62-9B0E-893C11ACCC81}.Release|Any CPU.ActiveCfg = Release|Any CPU
		{58EE03C2-9A60-4B62-9B0E-893C11ACCC81}.Release|Any CPU.Build.0 = Release|Any CPU
		{F824E68B-610F-4333-B141-FBAD93965FBA}.Debug|Any CPU.ActiveCfg = Debug|Any CPU
		{F824E68B-610F-4333-B141-FBAD93965FBA}.Debug|Any CPU.Build.0 = Debug|Any CPU
		{F824E68B-610F-4333-B141-FBAD93965FBA}.Release|Any CPU.ActiveCfg = Release|Any CPU
		{F824E68B-610F-4333-B141-FBAD93965FBA}.Release|Any CPU.Build.0 = Release|Any CPU
		{7196C3FF-FEE5-43EF-8BF6-0A1DD7B7F124}.Debug|Any CPU.ActiveCfg = Debug|Any CPU
		{7196C3FF-FEE5-43EF-8BF6-0A1DD7B7F124}.Debug|Any CPU.Build.0 = Debug|Any CPU
		{7196C3FF-FEE5-43EF-8BF6-0A1DD7B7F124}.Release|Any CPU.ActiveCfg = Release|Any CPU
		{7196C3FF-FEE5-43EF-8BF6-0A1DD7B7F124}.Release|Any CPU.Build.0 = Release|Any CPU
	EndGlobalSection
	GlobalSection(SolutionProperties) = preSolution
		HideSolutionNode = FALSE
	EndGlobalSection
	GlobalSection(ExtensibilityGlobals) = postSolution
		SolutionGuid = {999559ED-5D58-44B1-92C9-CA21C8EEFA8C}
	EndGlobalSection
EndGlobal
